
Microsoft Visual Studio Solution File, Format Version 12.00
# Visual Studio Version 16
VisualStudioVersion = 16.0.31129.286
MinimumVisualStudioVersion = 10.0.40219.1
Project("{FAE04EC0-301F-11D3-BF4B-00C04F79EFBC}") = "Roddom", "Roddom\Roddom.csproj", "{FD7B6754-1782-4360-9E75-37EEDAA22B1E}"
EndProject
Global
	GlobalSection(SolutionConfigurationPlatforms) = preSolution
		Debug|Any CPU = Debug|Any CPU
		Release|Any CPU = Release|Any CPU
	EndGlobalSection
	GlobalSection(ProjectConfigurationPlatforms) = postSolution
		{FD7B6754-1782-4360-9E75-37EEDAA22B1E}.Debug|Any CPU.ActiveCfg = Debug|Any CPU
		{FD7B6754-1782-4360-9E75-37EEDAA22B1E}.Debug|Any CPU.Build.0 = Debug|Any CPU
		{FD7B6754-1782-4360-9E75-37EEDAA22B1E}.Release|Any CPU.ActiveCfg = Release|Any CPU
		{FD7B6754-1782-4360-9E75-37EEDAA22B1E}.Release|Any CPU.Build.0 = Release|Any CPU
	EndGlobalSection
	GlobalSection(SolutionProperties) = preSolution
		HideSolutionNode = FALSE
	EndGlobalSection
	GlobalSection(ExtensibilityGlobals) = postSolution
		SolutionGuid = {E201CD02-60B2-445C-9006-35AA1B98F464}
	EndGlobalSection
EndGlobal
